
Microsoft Visual Studio Solution File, Format Version 12.00
# Visual Studio Version 17
VisualStudioVersion = 17.2.32630.192
MinimumVisualStudioVersion = 10.0.40219.1
Project("{9A19103F-16F7-4668-BE54-9A1E7A4F7556}") = "ImageEffectsApplier", "ImageEffectsApplier\ImageEffectsApplier.csproj", "{5414F837-E552-40C2-AE8D-271D73474055}"
EndProject
Project("{FAE04EC0-301F-11D3-BF4B-00C04F79EFBC}") = "ImageProcessor", "ImageProcessor\ImageProcessor.csproj", "{17BE09DB-DE78-4ACE-B472-EA3747A5A64C}"
EndProject
Global
	GlobalSection(SolutionConfigurationPlatforms) = preSolution
		Debug|Any CPU = Debug|Any CPU
		Release|Any CPU = Release|Any CPU
	EndGlobalSection
	GlobalSection(ProjectConfigurationPlatforms) = postSolution
		{5414F837-E552-40C2-AE8D-271D73474055}.Debug|Any CPU.ActiveCfg = Debug|Any CPU
		{5414F837-E552-40C2-AE8D-271D73474055}.Debug|Any CPU.Build.0 = Debug|Any CPU
		{5414F837-E552-40C2-AE8D-271D73474055}.Release|Any CPU.ActiveCfg = Release|Any CPU
		{5414F837-E552-40C2-AE8D-271D73474055}.Release|Any CPU.Build.0 = Release|Any CPU
		{17BE09DB-DE78-4ACE-B472-EA3747A5A64C}.Debug|Any CPU.ActiveCfg = Debug|Any CPU
		{17BE09DB-DE78-4ACE-B472-EA3747A5A64C}.Debug|Any CPU.Build.0 = Debug|Any CPU
		{17BE09DB-DE78-4ACE-B472-EA3747A5A64C}.Release|Any CPU.ActiveCfg = Release|Any CPU
		{17BE09DB-DE78-4ACE-B472-EA3747A5A64C}.Release|Any CPU.Build.0 = Release|Any CPU
	EndGlobalSection
	GlobalSection(SolutionProperties) = preSolution
		HideSolutionNode = FALSE
	EndGlobalSection
	GlobalSection(ExtensibilityGlobals) = postSolution
		SolutionGuid = {BC05C38A-4D9B-47FC-B6B0-8606FAA7FEF1}
	EndGlobalSection
EndGlobal
